
Microsoft Visual Studio Solution File, Format Version 12.00
# Visual Studio 15
VisualStudioVersion = 15.0.26730.16
MinimumVisualStudioVersion = 10.0.40219.1
Project("{9A19103F-16F7-4668-BE54-9A1E7A4F7556}") = "EntityFrameworkCoreDemo", "EntityFrameworkCoreDemo\EntityFrameworkCoreDemo.csproj", "{245C7726-55BE-462E-8A19-ACF6DEEF9AB2}"
EndProject
Global
	GlobalSection(SolutionConfigurationPlatforms) = preSolution
		Debug|Any CPU = Debug|Any CPU
		Release|Any CPU = Release|Any CPU
	EndGlobalSection
	GlobalSection(ProjectConfigurationPlatforms) = postSolution
		{245C7726-55BE-462E-8A19-ACF6DEEF9AB2}.Debug|Any CPU.ActiveCfg = Debug|Any CPU
		{245C7726-55BE-462E-8A19-ACF6DEEF9AB2}.Debug|Any CPU.Build.0 = Debug|Any CPU
		{245C7726-55BE-462E-8A19-ACF6DEEF9AB2}.Release|Any CPU.ActiveCfg = Release|Any CPU
		{245C7726-55BE-462E-8A19-ACF6DEEF9AB2}.Release|Any CPU.Build.0 = Release|Any CPU
	EndGlobalSection
	GlobalSection(SolutionProperties) = preSolution
		HideSolutionNode = FALSE
	EndGlobalSection
	GlobalSection(ExtensibilityGlobals) = postSolution
		SolutionGuid = {C1C81F27-66D4-4A30-B86A-0894FCC40413}
	EndGlobalSection
EndGlobal
